// !$*UTF8*$!
{
	archiveVersion = 1;
	classes = {
	};
	objectVersion = 50;
	objects = {

/* Begin PBXBuildFile section */
		19F5A1B921FDB65500F8779F /* AppDelegate.m in Sources */ = {isa = PBXBuildFile; fileRef = 19F5A1B821FDB65500F8779F /* AppDelegate.m */; };
		19F5A1BC21FDB65500F8779F /* ViewController.m in Sources */ = {isa = PBXBuildFile; fileRef = 19F5A1BB21FDB65500F8779F /* ViewController.m */; };
		19F5A1BF21FDB65500F8779F /* Main.storyboard in Resources */ = {isa = PBXBuildFile; fileRef = 19F5A1BD21FDB65500F8779F /* Main.storyboard */; };
		19F5A1C121FDB65800F8779F /* Assets.xcassets in Resources */ = {isa = PBXBuildFile; fileRef = 19F5A1C021FDB65800F8779F /* Assets.xcassets */; };
		19F5A1C421FDB65800F8779F /* LaunchScreen.storyboard in Resources */ = {isa = PBXBuildFile; fileRef = 19F5A1C221FDB65800F8779F /* LaunchScreen.storyboard */; };
		19F5A1C721FDB65800F8779F /* main.m in Sources */ = {isa = PBXBuildFile; fileRef = 19F5A1C621FDB65800F8779F /* main.m */; };
		19F5A1D121FDB65800F8779F /* FadingObjectsTests.m in Sources */ = {isa = PBXBuildFile; fileRef = 19F5A1D021FDB65800F8779F /* FadingObjectsTests.m */; };
		19F5A1DC21FDB65800F8779F /* FadingObjectsUITests.m in Sources */ = {isa = PBXBuildFile; fileRef = 19F5A1DB21FDB65800F8779F /* FadingObjectsUITests.m */; };
/* End PBXBuildFile section */

/* Begin PBXContainerItemProxy section */
		19F5A1CD21FDB65800F8779F /* PBXContainerItemProxy */ = {
			isa = PBXContainerItemProxy;
			containerPortal = 19F5A1AC21FDB65500F8779F /* Project object */;
			proxyType = 1;
			remoteGlobalIDString = 19F5A1B321FDB65500F8779F;
			remoteInfo = FadingObjects;
		};
		19F5A1D821FDB65800F8779F /* PBXContainerItemProxy */ = {
			isa = PBXContainerItemProxy;
			containerPortal = 19F5A1AC21FDB65500F8779F /* Project object */;
			proxyType = 1;
			remoteGlobalIDString = 19F5A1B321FDB65500F8779F;
			remoteInfo = FadingObjects;
		};
/* End PBXContainerItemProxy section */

/* Begin PBXFileReference section */
		19F5A1B421FDB65500F8779F /* FadingObjects.app */ = {isa = PBXFileReference; explicitFileType = wrapper.application; includeInIndex = 0; path = FadingObjects.app; sourceTree = BUILT_PRODUCTS_DIR; };
		19F5A1B721FDB65500F8779F /* AppDelegate.h */ = {isa = PBXFileReference; lastKnownFileType = sourcecode.c.h; path = AppDelegate.h; sourceTree = "<group>"; };
		19F5A1B821FDB65500F8779F /* AppDelegate.m */ = {isa = PBXFileReference; lastKnownFileType = sourcecode.c.objc; path = AppDelegate.m; sourceTree = "<group>"; };
		19F5A1BA21FDB65500F8779F /* ViewController.h */ = {isa = PBXFileReference; lastKnownFileType = sourcecode.c.h; path = ViewController.h; sourceTree = "<group>"; };
		19F5A1BB21FDB65500F8779F /* ViewController.m */ = {isa = PBXFileReference; lastKnownFileType = sourcecode.c.objc; path = ViewController.m; sourceTree = "<group>"; };
		19F5A1BE21FDB65500F8779F /* Base */ = {isa = PBXFileReference; lastKnownFileType = file.storyboard; name = Base; path = Base.lproj/Main.storyboard; sourceTree = "<group>"; };
		19F5A1C021FDB65800F8779F /* Assets.xcassets */ = {isa = PBXFileReference; lastKnownFileType = folder.assetcatalog; path = Assets.xcassets; sourceTree = "<group>"; };
		19F5A1C321FDB65800F8779F /* Base */ = {isa = PBXFileReference; lastKnownFileType = file.storyboard; name = Base; path = Base.lproj/LaunchScreen.storyboard; sourceTree = "<group>"; };
		19F5A1C521FDB65800F8779F /* Info.plist */ = {isa = PBXFileReference; lastKnownFileType = text.plist.xml; path = Info.plist; sourceTree = "<group>"; };
		19F5A1C621FDB65800F8779F /* main.m */ = {isa = PBXFileReference; lastKnownFileType = sourcecode.c.objc; path = main.m; sourceTree = "<group>"; };
		19F5A1CC21FDB65800F8779F /* FadingObjectsTests.xctest */ = {isa = PBXFileReference; explicitFileType = wrapper.cfbundle; includeInIndex = 0; path = FadingObjectsTests.xctest; sourceTree = BUILT_PRODUCTS_DIR; };
		19F5A1D021FDB65800F8779F /* FadingObjectsTests.m */ = {isa = PBXFileReference; lastKnownFileType = sourcecode.c.objc; path = FadingObjectsTests.m; sourceTree = "<group>"; };
		19F5A1D221FDB65800F8779F /* Info.plist */ = {isa = PBXFileReference; lastKnownFileType = text.plist.xml; path = Info.plist; sourceTree = "<group>"; };
		19F5A1D721FDB65800F8779F /* FadingObjectsUITests.xctest */ = {isa = PBXFileReference; explicitFileType = wrapper.cfbundle; includeInIndex = 0; path = FadingObjectsUITests.xctest; sourceTree = BUILT_PRODUCTS_DIR; };
		19F5A1DB21FDB65800F8779F /* FadingObjectsUITests.m */ = {isa = PBXFileReference; lastKnownFileType = sourcecode.c.objc; path = FadingObjectsUITests.m; sourceTree = "<group>"; };
		19F5A1DD21FDB65800F8779F /* Info.plist */ = {isa = PBXFileReference; lastKnownFileType = text.plist.xml; path = Info.plist; sourceTree = "<group>"; };
/* End PBXFileReference section */

/* Begin PBXFrameworksBuildPhase section */
		19F5A1B121FDB65500F8779F /* Frameworks */ = {
			isa = PBXFrameworksBuildPhase;
			buildActionMask = 2147483647;
			files = (
			);
			runOnlyForDeploymentPostprocessing = 0;
		};
		19F5A1C921FDB65800F8779F /* Frameworks */ = {
			isa = PBXFrameworksBuildPhase;
			buildActionMask = 2147483647;
			files = (
			);
			runOnlyForDeploymentPostprocessing = 0;
		};
		19F5A1D421FDB65800F8779F /* Frameworks */ = {
			isa = PBXFrameworksBuildPhase;
			buildActionMask = 2147483647;
			files = (
			);
			runOnlyForDeploymentPostprocessing = 0;
		};
/* End PBXFrameworksBuildPhase section */

/* Begin PBXGroup section */
		19F5A1AB21FDB65500F8779F = {
			isa = PBXGroup;
			children = (
				19F5A1B621FDB65500F8779F /* FadingObjects */,
				19F5A1CF21FDB65800F8779F /* FadingObjectsTests */,
				19F5A1DA21FDB65800F8779F /* FadingObjectsUITests */,
				19F5A1B521FDB65500F8779F /* Products */,
			);
			sourceTree = "<group>";
		};
		19F5A1B521FDB65500F8779F /* Products */ = {
			isa = PBXGroup;
			children = (
				19F5A1B421FDB65500F8779F /* FadingObjects.app */,
				19F5A1CC21FDB65800F8779F /* FadingObjectsTests.xctest */,
				19F5A1D721FDB65800F8779F /* FadingObjectsUITests.xctest */,
			);
			name = Products;
			sourceTree = "<group>";
		};
		19F5A1B621FDB65500F8779F /* FadingObjects */ = {
			isa = PBXGroup;
			children = (
				19F5A1B721FDB65500F8779F /* AppDelegate.h */,
				19F5A1B821FDB65500F8779F /* AppDelegate.m */,
				19F5A1BA21FDB65500F8779F /* ViewController.h */,
				19F5A1BB21FDB65500F8779F /* ViewController.m */,
				19F5A1BD21FDB65500F8779F /* Main.storyboard */,
				19F5A1C021FDB65800F8779F /* Assets.xcassets */,
				19F5A1C221FDB65800F8779F /* LaunchScreen.storyboard */,
				19F5A1C521FDB65800F8779F /* Info.plist */,
				19F5A1C621FDB65800F8779F /* main.m */,
			);
			path = FadingObjects;
			sourceTree = "<group>";
		};
		19F5A1CF21FDB65800F8779F /* FadingObjectsTests */ = {
			isa = PBXGroup;
			children = (
				19F5A1D021FDB65800F8779F /* FadingObjectsTests.m */,
				19F5A1D221FDB65800F8779F /* Info.plist */,
			);
			path = FadingObjectsTests;
			sourceTree = "<group>";
		};
		19F5A1DA21FDB65800F8779F /* FadingObjectsUITests */ = {
			isa = PBXGroup;
			children = (
				19F5A1DB21FDB65800F8779F /* FadingObjectsUITests.m */,
				19F5A1DD21FDB65800F8779F /* Info.plist */,
			);
			path = FadingObjectsUITests;
			sourceTree = "<group>";
		};
/* End PBXGroup section */

/* Begin PBXNativeTarget section */
		19F5A1B321FDB65500F8779F /* FadingObjects */ = {
			isa = PBXNativeTarget;
			buildConfigurationList = 19F5A1E021FDB65800F8779F /* Build configuration list for PBXNativeTarget "FadingObjects" */;
			buildPhases = (
				19F5A1B021FDB65500F8779F /* Sources */,
				19F5A1B121FDB65500F8779F /* Frameworks */,
				19F5A1B221FDB65500F8779F /* Resources */,
			);
			buildRules = (
			);
			dependencies = (
			);
			name = FadingObjects;
			productName = FadingObjects;
			productReference = 19F5A1B421FDB65500F8779F /* FadingObjects.app */;
			productType = "com.apple.product-type.application";
		};
		19F5A1CB21FDB65800F8779F /* FadingObjectsTests */ = {
			isa = PBXNativeTarget;
			buildConfigurationList = 19F5A1E321FDB65800F8779F /* Build configuration list for PBXNativeTarget "FadingObjectsTests" */;
			buildPhases = (
				19F5A1C821FDB65800F8779F /* Sources */,
				19F5A1C921FDB65800F8779F /* Frameworks */,
				19F5A1CA21FDB65800F8779F /* Resources */,
			);
			buildRules = (
			);
			dependencies = (
				19F5A1CE21FDB65800F8779F /* PBXTargetDependency */,
			);
			name = FadingObjectsTests;
			productName = FadingObjectsTests;
			productReference = 19F5A1CC21FDB65800F8779F /* FadingObjectsTests.xctest */;
			productType = "com.apple.product-type.bundle.unit-test";
		};
		19F5A1D621FDB65800F8779F /* FadingObjectsUITests */ = {
			isa = PBXNativeTarget;
			buildConfigurationList = 19F5A1E621FDB65800F8779F /* Build configuration list for PBXNativeTarget "FadingObjectsUITests" */;
			buildPhases = (
				19F5A1D321FDB65800F8779F /* Sources */,
				19F5A1D421FDB65800F8779F /* Frameworks */,
				19F5A1D521FDB65800F8779F /* Resources */,
			);
			buildRules = (
			);
			dependencies = (
				19F5A1D921FDB65800F8779F /* PBXTargetDependency */,
			);
			name = FadingObjectsUITests;
			productName = FadingObjectsUITests;
			productReference = 19F5A1D721FDB65800F8779F /* FadingObjectsUITests.xctest */;
			productType = "com.apple.product-type.bundle.ui-testing";
		};
/* End PBXNativeTarget section */

/* Begin PBXProject section */
		19F5A1AC21FDB65500F8779F /* Project object */ = {
			isa = PBXProject;
			attributes = {
				LastUpgradeCheck = 1010;
				ORGANIZATIONNAME = JunNakajima;
				TargetAttributes = {
					19F5A1B321FDB65500F8779F = {
						CreatedOnToolsVersion = 10.1;
					};
					19F5A1CB21FDB65800F8779F = {
						CreatedOnToolsVersion = 10.1;
						TestTargetID = 19F5A1B321FDB65500F8779F;
					};
					19F5A1D621FDB65800F8779F = {
						CreatedOnToolsVersion = 10.1;
						TestTargetID = 19F5A1B321FDB65500F8779F;
					};
				};
			};
			buildConfigurationList = 19F5A1AF21FDB65500F8779F /* Build configuration list for PBXProject "FadingObjects" */;
			compatibilityVersion = "Xcode 9.3";
			developmentRegion = en;
			hasScannedForEncodings = 0;
			knownRegions = (
				en,
				Base,
			);
			mainGroup = 19F5A1AB21FDB65500F8779F;
			productRefGroup = 19F5A1B521FDB65500F8779F /* Products */;
			projectDirPath = "";
			projectRoot = "";
			targets = (
				19F5A1B321FDB65500F8779F /* FadingObjects */,
				19F5A1CB21FDB65800F8779F /* FadingObjectsTests */,
				19F5A1D621FDB65800F8779F /* FadingObjectsUITests */,
			);
		};
/* End PBXProject section */

/* Begin PBXResourcesBuildPhase section */
		19F5A1B221FDB65500F8779F /* Resources */ = {
			isa = PBXResourcesBuildPhase;
			buildActionMask = 2147483647;
			files = (
				19F5A1C421FDB65800F8779F /* LaunchScreen.storyboard in Resources */,
				19F5A1C121FDB65800F8779F /* Assets.xcassets in Resources */,
				19F5A1BF21FDB65500F8779F /* Main.storyboard in Resources */,
			);
			runOnlyForDeploymentPostprocessing = 0;
		};
		19F5A1CA21FDB65800F8779F /* Resources */ = {
			isa = PBXResourcesBuildPhase;
			buildActionMask = 2147483647;
			files = (
			);
			runOnlyForDeploymentPostprocessing = 0;
		};
		19F5A1D521FDB65800F8779F /* Resources */ = {
			isa = PBXResourcesBuildPhase;
			buildActionMask = 2147483647;
			files = (
			);
			runOnlyForDeploymentPostprocessing = 0;
		};
/* End PBXResourcesBuildPhase section */

/* Begin PBXSourcesBuildPhase section */
		19F5A1B021FDB65500F8779F /* Sources */ = {
			isa = PBXSourcesBuildPhase;
			buildActionMask = 2147483647;
			files = (
				19F5A1BC21FDB65500F8779F /* ViewController.m in Sources */,
				19F5A1C721FDB65800F8779F /* main.m in Sources */,
				19F5A1B921FDB65500F8779F /* AppDelegate.m in Sources */,
			);
			runOnlyForDeploymentPostprocessing = 0;
		};
		19F5A1C821FDB65800F8779F /* Sources */ = {
			isa = PBXSourcesBuildPhase;
			buildActionMask = 2147483647;
			files = (
				19F5A1D121FDB65800F8779F /* FadingObjectsTests.m in Sources */,
			);
			runOnlyForDeploymentPostprocessing = 0;
		};
		19F5A1D321FDB65800F8779F /* Sources */ = {
			isa = PBXSourcesBuildPhase;
			buildActionMask = 2147483647;
			files = (
				19F5A1DC21FDB65800F8779F /* FadingObjectsUITests.m in Sources */,
			);
			runOnlyForDeploymentPostprocessing = 0;
		};
/* End PBXSourcesBuildPhase section */

/* Begin PBXTargetDependency section */
		19F5A1CE21FDB65800F8779F /* PBXTargetDependency */ = {
			isa = PBXTargetDependency;
			target = 19F5A1B321FDB65500F8779F /* FadingObjects */;
			targetProxy = 19F5A1CD21FDB65800F8779F /* PBXContainerItemProxy */;
		};
		19F5A1D921FDB65800F8779F /* PBXTargetDependency */ = {
			isa = PBXTargetDependency;
			target = 19F5A1B321FDB65500F8779F /* FadingObjects */;
			targetProxy = 19F5A1D821FDB65800F8779F /* PBXContainerItemProxy */;
		};
/* End PBXTargetDependency section */

/* Begin PBXVariantGroup section */
		19F5A1BD21FDB65500F8779F /* Main.storyboard */ = {
			isa = PBXVariantGroup;
			children = (
				19F5A1BE21FDB65500F8779F /* Base */,
			);
			name = Main.storyboard;
			sourceTree = "<group>";
		};
		19F5A1C221FDB65800F8779F /* LaunchScreen.storyboard */ = {
			isa = PBXVariantGroup;
			children = (
				19F5A1C321FDB65800F8779F /* Base */,
			);
			name = LaunchScreen.storyboard;
			sourceTree = "<group>";
		};
/* End PBXVariantGroup section */

/* Begin XCBuildConfiguration section */
		19F5A1DE21FDB65800F8779F /* Debug */ = {
			isa = XCBuildConfiguration;
			buildSettings = {
				ALWAYS_SEARCH_USER_PATHS = NO;
				CLANG_ANALYZER_NONNULL = YES;
				CLANG_ANALYZER_NUMBER_OBJECT_CONVERSION = YES_AGGRESSIVE;
				CLANG_CXX_LANGUAGE_STANDARD = "gnu++14";
				CLANG_CXX_LIBRARY = "libc++";
				CLANG_ENABLE_MODULES = YES;
				CLANG_ENABLE_OBJC_ARC = YES;
				CLANG_ENABLE_OBJC_WEAK = YES;
				CLANG_WARN_BLOCK_CAPTURE_AUTORELEASING = YES;
				CLANG_WARN_BOOL_CONVERSION = YES;
				CLANG_WARN_COMMA = YES;
				CLANG_WARN_CONSTANT_CONVERSION = YES;
				CLANG_WARN_DEPRECATED_OBJC_IMPLEMENTATIONS = YES;
				CLANG_WARN_DIRECT_OBJC_ISA_USAGE = YES_ERROR;
				CLANG_WARN_DOCUMENTATION_COMMENTS = YES;
				CLANG_WARN_EMPTY_BODY = YES;
				CLANG_WARN_ENUM_CONVERSION = YES;
				CLANG_WARN_INFINITE_RECURSION = YES;
				CLANG_WARN_INT_CONVERSION = YES;
				CLANG_WARN_NON_LITERAL_NULL_CONVERSION = YES;
				CLANG_WARN_OBJC_IMPLICIT_RETAIN_SELF = YES;
				CLANG_WARN_OBJC_LITERAL_CONVERSION = YES;
				CLANG_WARN_OBJC_ROOT_CLASS = YES_ERROR;
				CLANG_WARN_RANGE_LOOP_ANALYSIS = YES;
				CLANG_WARN_STRICT_PROTOTYPES = YES;
				CLANG_WARN_SUSPICIOUS_MOVE = YES;
				CLANG_WARN_UNGUARDED_AVAILABILITY = YES_AGGRESSIVE;
				CLANG_WARN_UNREACHABLE_CODE = YES;
				CLANG_WARN__DUPLICATE_METHOD_MATCH = YES;
				CODE_SIGN_IDENTITY = "iPhone Developer";
				COPY_PHASE_STRIP = NO;
				DEBUG_INFORMATION_FORMAT = dwarf;
				ENABLE_STRICT_OBJC_MSGSEND = YES;
				ENABLE_TESTABILITY = YES;
				GCC_C_LANGUAGE_STANDARD = gnu11;
				GCC_DYNAMIC_NO_PIC = NO;
				GCC_NO_COMMON_BLOCKS = YES;
				GCC_OPTIMIZATION_LEVEL = 0;
				GCC_PREPROCESSOR_DEFINITIONS = (
					"DEBUG=1",
					"$(inherited)",
				);
				GCC_WARN_64_TO_32_BIT_CONVERSION = YES;
				GCC_WARN_ABOUT_RETURN_TYPE = YES_ERROR;
				GCC_WARN_UNDECLARED_SELECTOR = YES;
				GCC_WARN_UNINITIALIZED_AUTOS = YES_AGGRESSIVE;
				GCC_WARN_UNUSED_FUNCTION = YES;
				GCC_WARN_UNUSED_VARIABLE = YES;
				IPHONEOS_DEPLOYMENT_TARGET = 12.1;
				MTL_ENABLE_DEBUG_INFO = INCLUDE_SOURCE;
				MTL_FAST_MATH = YES;
				ONLY_ACTIVE_ARCH = YES;
				SDKROOT = iphoneos;
			};
			name = Debug;
		};
		19F5A1DF21FDB65800F8779F /* Release */ = {
			isa = XCBuildConfiguration;
			buildSettings = {
				ALWAYS_SEARCH_USER_PATHS = NO;
				CLANG_ANALYZER_NONNULL = YES;
				CLANG_ANALYZER_NUMBER_OBJECT_CONVERSION = YES_AGGRESSIVE;
				CLANG_CXX_LANGUAGE_STANDARD = "gnu++14";
				CLANG_CXX_LIBRARY = "libc++";
				CLANG_ENABLE_MODULES = YES;
				CLANG_ENABLE_OBJC_ARC = YES;
				CLANG_ENABLE_OBJC_WEAK = YES;
				CLANG_WARN_BLOCK_CAPTURE_AUTORELEASING = YES;
				CLANG_WARN_BOOL_CONVERSION = YES;
				CLANG_WARN_COMMA = YES;
				CLANG_WARN_CONSTANT_CONVERSION = YES;
				CLANG_WARN_DEPRECATED_OBJC_IMPLEMENTATIONS = YES;
				CLANG_WARN_DIRECT_OBJC_ISA_USAGE = YES_ERROR;
				CLANG_WARN_DOCUMENTATION_COMMENTS = YES;
				CLANG_WARN_EMPTY_BODY = YES;
				CLANG_WARN_ENUM_CONVERSION = YES;
				CLANG_WARN_INFINITE_RECURSION = YES;
				CLANG_WARN_INT_CONVERSION = YES;
				CLANG_WARN_NON_LITERAL_NULL_CONVERSION = YES;
				CLANG_WARN_OBJC_IMPLICIT_RETAIN_SELF = YES;
				CLANG_WARN_OBJC_LITERAL_CONVERSION = YES;
				CLANG_WARN_OBJC_ROOT_CLASS = YES_ERROR;
				CLANG_WARN_RANGE_LOOP_ANALYSIS = YES;
				CLANG_WARN_STRICT_PROTOTYPES = YES;
				CLANG_WARN_SUSPICIOUS_MOVE = YES;
				CLANG_WARN_UNGUARDED_AVAILABILITY = YES_AGGRESSIVE;
				CLANG_WARN_UNREACHABLE_CODE = YES;
				CLANG_WARN__DUPLICATE_METHOD_MATCH = YES;
				CODE_SIGN_IDENTITY = "iPhone Developer";
				COPY_PHASE_STRIP = NO;
				DEBUG_INFORMATION_FORMAT = "dwarf-with-dsym";
				ENABLE_NS_ASSERTIONS = NO;
				ENABLE_STRICT_OBJC_MSGSEND = YES;
				GCC_C_LANGUAGE_STANDARD = gnu11;
				GCC_NO_COMMON_BLOCKS = YES;
				GCC_WARN_64_TO_32_BIT_CONVERSION = YES;
				GCC_WARN_ABOUT_RETURN_TYPE = YES_ERROR;
				GCC_WARN_UNDECLARED_SELECTOR = YES;
				GCC_WARN_UNINITIALIZED_AUTOS = YES_AGGRESSIVE;
				GCC_WARN_UNUSED_FUNCTION = YES;
				GCC_WARN_UNUSED_VARIABLE = YES;
				IPHONEOS_DEPLOYMENT_TARGET = 12.1;
				MTL_ENABLE_DEBUG_INFO = NO;
				MTL_FAST_MATH = YES;
				SDKROOT = iphoneos;
				VALIDATE_PRODUCT = YES;
			};
			name = Release;
		};
		19F5A1E121FDB65800F8779F /* Debug */ = {
			isa = XCBuildConfiguration;
			buildSettings = {
				ASSETCATALOG_COMPILER_APPICON_NAME = AppIcon;
				CODE_SIGN_STYLE = Automatic;
				INFOPLIST_FILE = FadingObjects/Info.plist;
				LD_RUNPATH_SEARCH_PATHS = (
					"$(inherited)",
					"@executable_path/Frameworks",
				);
				PRODUCT_BUNDLE_IDENTIFIER = com.junnakajima.FadingObjects;
				PRODUCT_NAME = "$(TARGET_NAME)";
				TARGETED_DEVICE_FAMILY = "1,2";
			};
			name = Debug;
		};
		19F5A1E221FDB65800F8779F /* Release */ = {
			isa = XCBuildConfiguration;
			buildSettings = {
				ASSETCATALOG_COMPILER_APPICON_NAME = AppIcon;
				CODE_SIGN_STYLE = Automatic;
				INFOPLIST_FILE = FadingObjects/Info.plist;
				LD_RUNPATH_SEARCH_PATHS = (
					"$(inherited)",
					"@executable_path/Frameworks",
				);
				PRODUCT_BUNDLE_IDENTIFIER = com.junnakajima.FadingObjects;
				PRODUCT_NAME = "$(TARGET_NAME)";
				TARGETED_DEVICE_FAMILY = "1,2";
			};
			name = Release;
		};
		19F5A1E421FDB65800F8779F /* Debug */ = {
			isa = XCBuildConfiguration;
			buildSettings = {
				BUNDLE_LOADER = "$(TEST_HOST)";
				CODE_SIGN_STYLE = Automatic;
				INFOPLIST_FILE = FadingObjectsTests/Info.plist;
				LD_RUNPATH_SEARCH_PATHS = (
					"$(inherited)",
					"@executable_path/Frameworks",
					"@loader_path/Frameworks",
				);
				PRODUCT_BUNDLE_IDENTIFIER = com.junnakajima.FadingObjectsTests;
				PRODUCT_NAME = "$(TARGET_NAME)";
				TARGETED_DEVICE_FAMILY = "1,2";
				TEST_HOST = "$(BUILT_PRODUCTS_DIR)/FadingObjects.app/FadingObjects";
			};
			name = Debug;
		};
		19F5A1E521FDB65800F8779F /* Release */ = {
			isa = XCBuildConfiguration;
			buildSettings = {
				BUNDLE_LOADER = "$(TEST_HOST)";
				CODE_SIGN_STYLE = Automatic;
				INFOPLIST_FILE = FadingObjectsTests/Info.plist;
				LD_RUNPATH_SEARCH_PATHS = (
					"$(inherited)",
					"@executable_path/Frameworks",
					"@loader_path/Frameworks",
				);
				PRODUCT_BUNDLE_IDENTIFIER = com.junnakajima.FadingObjectsTests;
				PRODUCT_NAME = "$(TARGET_NAME)";
				TARGETED_DEVICE_FAMILY = "1,2";
				TEST_HOST = "$(BUILT_PRODUCTS_DIR)/FadingObjects.app/FadingObjects";
			};
			name = Release;
		};
		19F5A1E721FDB65800F8779F /* Debug */ = {
			isa = XCBuildConfiguration;
			buildSettings = {
				CODE_SIGN_STYLE = Automatic;
				INFOPLIST_FILE = FadingObjectsUITests/Info.plist;
				LD_RUNPATH_SEARCH_PATHS = (
					"$(inherited)",
					"@executable_path/Frameworks",
					"@loader_path/Frameworks",
				);
				PRODUCT_BUNDLE_IDENTIFIER = com.junnakajima.FadingObjectsUITests;
				PRODUCT_NAME = "$(TARGET_NAME)";
				TARGETED_DEVICE_FAMILY = "1,2";
				TEST_TARGET_NAME = FadingObjects;
			};
			name = Debug;
		};
		19F5A1E821FDB65800F8779F /* Release */ = {
			isa = XCBuildConfiguration;
			buildSettings = {
				CODE_SIGN_STYLE = Automatic;
				INFOPLIST_FILE = FadingObjectsUITests/Info.plist;
				LD_RUNPATH_SEARCH_PATHS = (
					"$(inherited)",
					"@executable_path/Frameworks",
					"@loader_path/Frameworks",
				);
				PRODUCT_BUNDLE_IDENTIFIER = com.junnakajima.FadingObjectsUITests;
				PRODUCT_NAME = "$(TARGET_NAME)";
				TARGETED_DEVICE_FAMILY = "1,2";
				TEST_TARGET_NAME = FadingObjects;
			};
			name = Release;
		};
/* End XCBuildConfiguration section */

/* Begin XCConfigurationList section */
		19F5A1AF21FDB65500F8779F /* Build configuration list for PBXProject "FadingObjects" */ = {
			isa = XCConfigurationList;
			buildConfigurations = (
				19F5A1DE21FDB65800F8779F /* Debug */,
				19F5A1DF21FDB65800F8779F /* Release */,
			);
			defaultConfigurationIsVisible = 0;
			defaultConfigurationName = Release;
		};
		19F5A1E021FDB65800F8779F /* Build configuration list for PBXNativeTarget "FadingObjects" */ = {
			isa = XCConfigurationList;
			buildConfigurations = (
				19F5A1E121FDB65800F8779F /* Debug */,
				19F5A1E221FDB65800F8779F /* Release */,
			);
			defaultConfigurationIsVisible = 0;
			defaultConfigurationName = Release;
		};
		19F5A1E321FDB65800F8779F /* Build configuration list for PBXNativeTarget "FadingObjectsTests" */ = {
			isa = XCConfigurationList;
			buildConfigurations = (
				19F5A1E421FDB65800F8779F /* Debug */,
				19F5A1E521FDB65800F8779F /* Release */,
			);
			defaultConfigurationIsVisible = 0;
			defaultConfigurationName = Release;
		};
		19F5A1E621FDB65800F8779F /* Build configuration list for PBXNativeTarget "FadingObjectsUITests" */ = {
			isa = XCConfigurationList;
			buildConfigurations = (
				19F5A1E721FDB65800F8779F /* Debug */,
				19F5A1E821FDB65800F8779F /* Release */,
			);
			defaultConfigurationIsVisible = 0;
			defaultConfigurationName = Release;
		};
/* End XCConfigurationList section */
	};
	rootObject = 19F5A1AC21FDB65500F8779F /* Project object */;
}
